
Microsoft Visual Studio Solution File, Format Version 12.00
# Visual Studio Version 17
VisualStudioVersion = 17.0.31903.59
MinimumVisualStudioVersion = 10.0.40219.1
Project("{2150E333-8FDC-42A3-9474-1A3956D46DE8}") = "src", "src", "{827E0CD3-B72D-47B6-A68D-7590B98EB39B}"
EndProject
Project("{FAE04EC0-301F-11D3-BF4B-00C04F79EFBC}") = "Core", "src\Core\Core.csproj", "{52495BDD-645A-4316-9FB7-CA4029A9F67F}"
EndProject
Project("{FAE04EC0-301F-11D3-BF4B-00C04F79EFBC}") = "Application", "src\Application\Application.csproj", "{25CA60BC-AB70-4C94-AC55-9BEFB6BB3EBD}"
EndProject
Project("{FAE04EC0-301F-11D3-BF4B-00C04F79EFBC}") = "Infrastructure", "src\Infrastructure\Infrastructure.csproj", "{285546E5-53F3-40EE-A415-7728530D0171}"
EndProject
Project("{FAE04EC0-301F-11D3-BF4B-00C04F79EFBC}") = "Common", "src\Common\Common.csproj", "{94DBF55A-C70D-47C2-9414-FC92E6D69E81}"
EndProject
Project("{FAE04EC0-301F-11D3-BF4B-00C04F79EFBC}") = "WebAPI", "src\WebAPI\WebAPI.csproj", "{DAB7DE7B-9663-4926-9F23-AEB8130CC1D7}"
EndProject
Global
	GlobalSection(SolutionConfigurationPlatforms) = preSolution
		Debug|Any CPU = Debug|Any CPU
		Debug|x64 = Debug|x64
		Debug|x86 = Debug|x86
		Release|Any CPU = Release|Any CPU
		Release|x64 = Release|x64
		Release|x86 = Release|x86
	EndGlobalSection
	GlobalSection(ProjectConfigurationPlatforms) = postSolution
		{52495BDD-645A-4316-9FB7-CA4029A9F67F}.Debug|Any CPU.ActiveCfg = Debug|Any CPU
		{52495BDD-645A-4316-9FB7-CA4029A9F67F}.Debug|Any CPU.Build.0 = Debug|Any CPU
		{52495BDD-645A-4316-9FB7-CA4029A9F67F}.Debug|x64.ActiveCfg = Debug|Any CPU
		{52495BDD-645A-4316-9FB7-CA4029A9F67F}.Debug|x64.Build.0 = Debug|Any CPU
		{52495BDD-645A-4316-9FB7-CA4029A9F67F}.Debug|x86.ActiveCfg = Debug|Any CPU
		{52495BDD-645A-4316-9FB7-CA4029A9F67F}.Debug|x86.Build.0 = Debug|Any CPU
		{52495BDD-645A-4316-9FB7-CA4029A9F67F}.Release|Any CPU.ActiveCfg = Release|Any CPU
		{52495BDD-645A-4316-9FB7-CA4029A9F67F}.Release|Any CPU.Build.0 = Release|Any CPU
		{52495BDD-645A-4316-9FB7-CA4029A9F67F}.Release|x64.ActiveCfg = Release|Any CPU
		{52495BDD-645A-4316-9FB7-CA4029A9F67F}.Release|x64.Build.0 = Release|Any CPU
		{52495BDD-645A-4316-9FB7-CA4029A9F67F}.Release|x86.ActiveCfg = Release|Any CPU
		{52495BDD-645A-4316-9FB7-CA4029A9F67F}.Release|x86.Build.0 = Release|Any CPU
		{25CA60BC-AB70-4C94-AC55-9BEFB6BB3EBD}.Debug|Any CPU.ActiveCfg = Debug|Any CPU
		{25CA60BC-AB70-4C94-AC55-9BEFB6BB3EBD}.Debug|Any CPU.Build.0 = Debug|Any CPU
		{25CA60BC-AB70-4C94-AC55-9BEFB6BB3EBD}.Debug|x64.ActiveCfg = Debug|Any CPU
		{25CA60BC-AB70-4C94-AC55-9BEFB6BB3EBD}.Debug|x64.Build.0 = Debug|Any CPU
		{25CA60BC-AB70-4C94-AC55-9BEFB6BB3EBD}.Debug|x86.ActiveCfg = Debug|Any CPU
		{25CA60BC-AB70-4C94-AC55-9BEFB6BB3EBD}.Debug|x86.Build.0 = Debug|Any CPU
		{25CA60BC-AB70-4C94-AC55-9BEFB6BB3EBD}.Release|Any CPU.ActiveCfg = Release|Any CPU
		{25CA60BC-AB70-4C94-AC55-9BEFB6BB3EBD}.Release|Any CPU.Build.0 = Release|Any CPU
		{25CA60BC-AB70-4C94-AC55-9BEFB6BB3EBD}.Release|x64.ActiveCfg = Release|Any CPU
		{25CA60BC-AB70-4C94-AC55-9BEFB6BB3EBD}.Release|x64.Build.0 = Release|Any CPU
		{25CA60BC-AB70-4C94-AC55-9BEFB6BB3EBD}.Release|x86.ActiveCfg = Release|Any CPU
		{25CA60BC-AB70-4C94-AC55-9BEFB6BB3EBD}.Release|x86.Build.0 = Release|Any CPU
		{285546E5-53F3-40EE-A415-7728530D0171}.Debug|Any CPU.ActiveCfg = Debug|Any CPU
		{285546E5-53F3-40EE-A415-7728530D0171}.Debug|Any CPU.Build.0 = Debug|Any CPU
		{285546E5-53F3-40EE-A415-7728530D0171}.Debug|x64.ActiveCfg = Debug|Any CPU
		{285546E5-53F3-40EE-A415-7728530D0171}.Debug|x64.Build.0 = Debug|Any CPU
		{285546E5-53F3-40EE-A415-7728530D0171}.Debug|x86.ActiveCfg = Debug|Any CPU
		{285546E5-53F3-40EE-A415-7728530D0171}.Debug|x86.Build.0 = Debug|Any CPU
		{285546E5-53F3-40EE-A415-7728530D0171}.Release|Any CPU.ActiveCfg = Release|Any CPU
		{285546E5-53F3-40EE-A415-7728530D0171}.Release|Any CPU.Build.0 = Release|Any CPU
		{285546E5-53F3-40EE-A415-7728530D0171}.Release|x64.ActiveCfg = Release|Any CPU
		{285546E5-53F3-40EE-A415-7728530D0171}.Release|x64.Build.0 = Release|Any CPU
		{285546E5-53F3-40EE-A415-7728530D0171}.Release|x86.ActiveCfg = Release|Any CPU
		{285546E5-53F3-40EE-A415-7728530D0171}.Release|x86.Build.0 = Release|Any CPU
		{94DBF55A-C70D-47C2-9414-FC92E6D69E81}.Debug|Any CPU.ActiveCfg = Debug|Any CPU
		{94DBF55A-C70D-47C2-9414-FC92E6D69E81}.Debug|Any CPU.Build.0 = Debug|Any CPU
		{94DBF55A-C70D-47C2-9414-FC92E6D69E81}.Debug|x64.ActiveCfg = Debug|Any CPU
		{94DBF55A-C70D-47C2-9414-FC92E6D69E81}.Debug|x64.Build.0 = Debug|Any CPU
		{94DBF55A-C70D-47C2-9414-FC92E6D69E81}.Debug|x86.ActiveCfg = Debug|Any CPU
		{94DBF55A-C70D-47C2-9414-FC92E6D69E81}.Debug|x86.Build.0 = Debug|Any CPU
		{94DBF55A-C70D-47C2-9414-FC92E6D69E81}.Release|Any CPU.ActiveCfg = Release|Any CPU
		{94DBF55A-C70D-47C2-9414-FC92E6D69E81}.Release|Any CPU.Build.0 = Release|Any CPU
		{94DBF55A-C70D-47C2-9414-FC92E6D69E81}.Release|x64.ActiveCfg = Release|Any CPU
		{94DBF55A-C70D-47C2-9414-FC92E6D69E81}.Release|x64.Build.0 = Release|Any CPU
		{94DBF55A-C70D-47C2-9414-FC92E6D69E81}.Release|x86.ActiveCfg = Release|Any CPU
		{94DBF55A-C70D-47C2-9414-FC92E6D69E81}.Release|x86.Build.0 = Release|Any CPU
		{DAB7DE7B-9663-4926-9F23-AEB8130CC1D7}.Debug|Any CPU.ActiveCfg = Debug|Any CPU
		{DAB7DE7B-9663-4926-9F23-AEB8130CC1D7}.Debug|Any CPU.Build.0 = Debug|Any CPU
		{DAB7DE7B-9663-4926-9F23-AEB8130CC1D7}.Debug|x64.ActiveCfg = Debug|Any CPU
		{DAB7DE7B-9663-4926-9F23-AEB8130CC1D7}.Debug|x64.Build.0 = Debug|Any CPU
		{DAB7DE7B-9663-4926-9F23-AEB8130CC1D7}.Debug|x86.ActiveCfg = Debug|Any CPU
		{DAB7DE7B-9663-4926-9F23-AEB8130CC1D7}.Debug|x86.Build.0 = Debug|Any CPU
		{DAB7DE7B-9663-4926-9F23-AEB8130CC1D7}.Release|Any CPU.ActiveCfg = Release|Any CPU
		{DAB7DE7B-9663-4926-9F23-AEB8130CC1D7}.Release|Any CPU.Build.0 = Release|Any CPU
		{DAB7DE7B-9663-4926-9F23-AEB8130CC1D7}.Release|x64.ActiveCfg = Release|Any CPU
		{DAB7DE7B-9663-4926-9F23-AEB8130CC1D7}.Release|x64.Build.0 = Release|Any CPU
		{DAB7DE7B-9663-4926-9F23-AEB8130CC1D7}.Release|x86.ActiveCfg = Release|Any CPU
		{DAB7DE7B-9663-4926-9F23-AEB8130CC1D7}.Release|x86.Build.0 = Release|Any CPU
	EndGlobalSection
	GlobalSection(SolutionProperties) = preSolution
		HideSolutionNode = FALSE
	EndGlobalSection
	GlobalSection(NestedProjects) = preSolution
		{52495BDD-645A-4316-9FB7-CA4029A9F67F} = {827E0CD3-B72D-47B6-A68D-7590B98EB39B}
		{25CA60BC-AB70-4C94-AC55-9BEFB6BB3EBD} = {827E0CD3-B72D-47B6-A68D-7590B98EB39B}
		{285546E5-53F3-40EE-A415-7728530D0171} = {827E0CD3-B72D-47B6-A68D-7590B98EB39B}
		{94DBF55A-C70D-47C2-9414-FC92E6D69E81} = {827E0CD3-B72D-47B6-A68D-7590B98EB39B}
		{DAB7DE7B-9663-4926-9F23-AEB8130CC1D7} = {827E0CD3-B72D-47B6-A68D-7590B98EB39B}
	EndGlobalSection
EndGlobal
